// !$*UTF8*$!
{
	archiveVersion = 1;
	classes = {
	};
	objectVersion = 77;
	objects = {

/* Begin PBXBuildFile section */
		0654965772D8E01ED04C5BF9 /* KeychainService.swift in Sources */ = {isa = PBXBuildFile; fileRef = 8BEAFF9D1BF1D16D051E2CD8 /* KeychainService.swift */; };
		0C3F566A9F45026665D20418 /* APIServiceTests.swift in Sources */ = {isa = PBXBuildFile; fileRef = A1E8C679942B065488A6D30B /* APIServiceTests.swift */; };
		14551B3536C5A1E7063D80C4 /* stats-cache.json in Resources */ = {isa = PBXBuildFile; fileRef = 108647D905683B425F33DC3B /* stats-cache.json */; };
		1B4549DCF73A428AB9D30F3E /* ClaudeUsageWidgetExtension.appex in Embed Foundation Extensions */ = {isa = PBXBuildFile; fileRef = B71813093F86943308852F96 /* ClaudeUsageWidgetExtension.appex */; settings = {ATTRIBUTES = (RemoveHeadersOnCopy, ); }; };
		2038F2A6CA24831644BF434C /* PlaceholderTest.swift in Sources */ = {isa = PBXBuildFile; fileRef = 8E60918A3CF2609E4192EC96 /* PlaceholderTest.swift */; };
		3B0E4C5AE538DC2507D948BD /* UsageBarView.swift in Sources */ = {isa = PBXBuildFile; fileRef = D1991566E5B49B2729762AFF /* UsageBarView.swift */; };
		3ED7B6DE237CCEC7F15CB38C /* ServiceProtocols.swift in Sources */ = {isa = PBXBuildFile; fileRef = D805DBCCBAC05A829DD71372 /* ServiceProtocols.swift */; };
		40F7158B748B08521C9445EC /* UsageSnapshotTests.swift in Sources */ = {isa = PBXBuildFile; fileRef = 46952864015DEF0688EFD641 /* UsageSnapshotTests.swift */; };
		41C78217B88D0B91538CB7A7 /* AnthropicColors.swift in Sources */ = {isa = PBXBuildFile; fileRef = 819C2C0936EEE40BAB0A6A72 /* AnthropicColors.swift */; };
		45E6EEA4655BCCF690BD7CDE /* SettingsView.swift in Sources */ = {isa = PBXBuildFile; fileRef = 8AFABD321FC73997C1E96703 /* SettingsView.swift */; };
		5D0F8974DE3B9D83417A133A /* APIModelsTests.swift in Sources */ = {isa = PBXBuildFile; fileRef = 32DA4A5DA2D7F5F5F1EB55C7 /* APIModelsTests.swift */; };
		5D92DEFB6AB8F7A8C26AA86A /* APIModels.swift in Sources */ = {isa = PBXBuildFile; fileRef = 916CE4B0DBC547FEA56FEC7F /* APIModels.swift */; };
		7C7AB18DBEB5F7759DD68DBF /* StatsServiceTests.swift in Sources */ = {isa = PBXBuildFile; fileRef = 895805F81F51FE14695C35C7 /* StatsServiceTests.swift */; };
		7FDE9E2294F81903B849BE5B /* ClaudeUsageWidgetApp.swift in Sources */ = {isa = PBXBuildFile; fileRef = 0C0DC54E79339225480FF687 /* ClaudeUsageWidgetApp.swift */; };
		8066DAEE2128C19EA6415FD8 /* APIModels.swift in Sources */ = {isa = PBXBuildFile; fileRef = 916CE4B0DBC547FEA56FEC7F /* APIModels.swift */; };
		80E8B06ADD163A079B97BB90 /* ServiceProtocols.swift in Sources */ = {isa = PBXBuildFile; fileRef = D805DBCCBAC05A829DD71372 /* ServiceProtocols.swift */; };
		828F0380F652910F7566FA64 /* AnthropicColors.swift in Sources */ = {isa = PBXBuildFile; fileRef = 819C2C0936EEE40BAB0A6A72 /* AnthropicColors.swift */; };
		889086AE70EF0A59616176D5 /* UsageManager.swift in Sources */ = {isa = PBXBuildFile; fileRef = 9C01A8427B69F1450A624566 /* UsageManager.swift */; };
		8D004F47087E89B28EAF1C4C /* StatsService.swift in Sources */ = {isa = PBXBuildFile; fileRef = E8C0D48CD788BE7D24F29D44 /* StatsService.swift */; };
		93A918147C89BAB592F93597 /* UsageSnapshot.swift in Sources */ = {isa = PBXBuildFile; fileRef = E239C231DD3A14A125EEC343 /* UsageSnapshot.swift */; };
		991365EB8D9B099E75247731 /* ResetTimerView.swift in Sources */ = {isa = PBXBuildFile; fileRef = A5F0B21FA1E73B52BCD7AE3B /* ResetTimerView.swift */; };
		9F0774D6EF5554D446688FD5 /* KeychainService.swift in Sources */ = {isa = PBXBuildFile; fileRef = 8BEAFF9D1BF1D16D051E2CD8 /* KeychainService.swift */; };
		A155DE7CA56979A05382E762 /* UsageManagerTests.swift in Sources */ = {isa = PBXBuildFile; fileRef = A886BBB5B3CC85D6BB4645CF /* UsageManagerTests.swift */; };
		A8CFA711242AD60A1D1B5366 /* APIService.swift in Sources */ = {isa = PBXBuildFile; fileRef = EB767F230ACE496D02D795E5 /* APIService.swift */; };
		BCA6AB50558D69435D744871 /* PopoverView.swift in Sources */ = {isa = PBXBuildFile; fileRef = 2909CCB00340701142EF9B8B /* PopoverView.swift */; };
		C361E4589119A8A7592463F3 /* KeychainServiceTests.swift in Sources */ = {isa = PBXBuildFile; fileRef = 39691948860FB314644562B2 /* KeychainServiceTests.swift */; };
		C855B6A66319B86C87894CC2 /* Assets.xcassets in Resources */ = {isa = PBXBuildFile; fileRef = C41E3CD0CFE2517D9AF42449 /* Assets.xcassets */; };
		CE1EEC1DB4CE4676F6AA61C4 /* ClaudeUsageWidgetBundle.swift in Sources */ = {isa = PBXBuildFile; fileRef = 263B79D4150B25A657B1848E /* ClaudeUsageWidgetBundle.swift */; };
		CFB75FEBC188DD95BD057C15 /* TokenStatsView.swift in Sources */ = {isa = PBXBuildFile; fileRef = DF33EA624DE227AF13301E9A /* TokenStatsView.swift */; };
		D135B9C3E583F495E5E5A6FB /* SharedContainerService.swift in Sources */ = {isa = PBXBuildFile; fileRef = 11D7791C1839BE5B42B9E9BD /* SharedContainerService.swift */; };
		D33E2FFE75776747532316E5 /* Mocks.swift in Sources */ = {isa = PBXBuildFile; fileRef = B36F7104D027BDD059D586CE /* Mocks.swift */; };
		DA96F5237C3E1AF62F71348B /* SharedContainerServiceTests.swift in Sources */ = {isa = PBXBuildFile; fileRef = D3DCB71A17E06BF23F28D7AB /* SharedContainerServiceTests.swift */; };
		DC742440D77C479F89069960 /* StatsService.swift in Sources */ = {isa = PBXBuildFile; fileRef = E8C0D48CD788BE7D24F29D44 /* StatsService.swift */; };
		E1F61FF8D79ACCD51E308926 /* SharedContainerService.swift in Sources */ = {isa = PBXBuildFile; fileRef = 11D7791C1839BE5B42B9E9BD /* SharedContainerService.swift */; };
		E795D629B7FDE1B6BAC61AF3 /* UsageSnapshot.swift in Sources */ = {isa = PBXBuildFile; fileRef = E239C231DD3A14A125EEC343 /* UsageSnapshot.swift */; };
		F0A8CCAA173B753F3BD5A641 /* APIService.swift in Sources */ = {isa = PBXBuildFile; fileRef = EB767F230ACE496D02D795E5 /* APIService.swift */; };
/* End PBXBuildFile section */

/* Begin PBXContainerItemProxy section */
		4B915CB870869D1BFE0B9CAA /* PBXContainerItemProxy */ = {
			isa = PBXContainerItemProxy;
			containerPortal = 79E0D1F8E1CDBC4EE8A1F043 /* Project object */;
			proxyType = 1;
			remoteGlobalIDString = 5EFC43076EF4702168F3AF84;
			remoteInfo = ClaudeUsageWidget;
		};
		9644176A865CABC0F4492F29 /* PBXContainerItemProxy */ = {
			isa = PBXContainerItemProxy;
			containerPortal = 79E0D1F8E1CDBC4EE8A1F043 /* Project object */;
			proxyType = 1;
			remoteGlobalIDString = 8800B081469EBCD359EAF9E8;
			remoteInfo = ClaudeUsageWidgetExtension;
		};
/* End PBXContainerItemProxy section */

/* Begin PBXCopyFilesBuildPhase section */
		FD232F5BA9028C75D007E8AC /* Embed Foundation Extensions */ = {
			isa = PBXCopyFilesBuildPhase;
			buildActionMask = 2147483647;
			dstPath = "";
			dstSubfolderSpec = 13;
			files = (
				1B4549DCF73A428AB9D30F3E /* ClaudeUsageWidgetExtension.appex in Embed Foundation Extensions */,
			);
			name = "Embed Foundation Extensions";
			runOnlyForDeploymentPostprocessing = 0;
		};
/* End PBXCopyFilesBuildPhase section */

/* Begin PBXFileReference section */
		0C0DC54E79339225480FF687 /* ClaudeUsageWidgetApp.swift */ = {isa = PBXFileReference; lastKnownFileType = sourcecode.swift; path = ClaudeUsageWidgetApp.swift; sourceTree = "<group>"; };
		108647D905683B425F33DC3B /* stats-cache.json */ = {isa = PBXFileReference; lastKnownFileType = text.json; path = "stats-cache.json"; sourceTree = "<group>"; };
		11D7791C1839BE5B42B9E9BD /* SharedContainerService.swift */ = {isa = PBXFileReference; lastKnownFileType = sourcecode.swift; path = SharedContainerService.swift; sourceTree = "<group>"; };
		263B79D4150B25A657B1848E /* ClaudeUsageWidgetBundle.swift */ = {isa = PBXFileReference; lastKnownFileType = sourcecode.swift; path = ClaudeUsageWidgetBundle.swift; sourceTree = "<group>"; };
		2909CCB00340701142EF9B8B /* PopoverView.swift */ = {isa = PBXFileReference; lastKnownFileType = sourcecode.swift; path = PopoverView.swift; sourceTree = "<group>"; };
		32DA4A5DA2D7F5F5F1EB55C7 /* APIModelsTests.swift */ = {isa = PBXFileReference; lastKnownFileType = sourcecode.swift; path = APIModelsTests.swift; sourceTree = "<group>"; };
		39691948860FB314644562B2 /* KeychainServiceTests.swift */ = {isa = PBXFileReference; lastKnownFileType = sourcecode.swift; path = KeychainServiceTests.swift; sourceTree = "<group>"; };
		46952864015DEF0688EFD641 /* UsageSnapshotTests.swift */ = {isa = PBXFileReference; lastKnownFileType = sourcecode.swift; path = UsageSnapshotTests.swift; sourceTree = "<group>"; };
		58B722BBD73039680155A5B4 /* Info.plist */ = {isa = PBXFileReference; lastKnownFileType = text.plist; path = Info.plist; sourceTree = "<group>"; };
		5A2FF6035875BE21D69DD7FD /* Widget.entitlements */ = {isa = PBXFileReference; lastKnownFileType = text.plist.entitlements; path = Widget.entitlements; sourceTree = "<group>"; };
		819C2C0936EEE40BAB0A6A72 /* AnthropicColors.swift */ = {isa = PBXFileReference; lastKnownFileType = sourcecode.swift; path = AnthropicColors.swift; sourceTree = "<group>"; };
		895805F81F51FE14695C35C7 /* StatsServiceTests.swift */ = {isa = PBXFileReference; lastKnownFileType = sourcecode.swift; path = StatsServiceTests.swift; sourceTree = "<group>"; };
		8AFABD321FC73997C1E96703 /* SettingsView.swift */ = {isa = PBXFileReference; lastKnownFileType = sourcecode.swift; path = SettingsView.swift; sourceTree = "<group>"; };
		8BEAFF9D1BF1D16D051E2CD8 /* KeychainService.swift */ = {isa = PBXFileReference; lastKnownFileType = sourcecode.swift; path = KeychainService.swift; sourceTree = "<group>"; };
		8E60918A3CF2609E4192EC96 /* PlaceholderTest.swift */ = {isa = PBXFileReference; lastKnownFileType = sourcecode.swift; path = PlaceholderTest.swift; sourceTree = "<group>"; };
		916CE4B0DBC547FEA56FEC7F /* APIModels.swift */ = {isa = PBXFileReference; lastKnownFileType = sourcecode.swift; path = APIModels.swift; sourceTree = "<group>"; };
		95E8267EA642B1F0C7330D95 /* App.entitlements */ = {isa = PBXFileReference; lastKnownFileType = text.plist.entitlements; path = App.entitlements; sourceTree = "<group>"; };
		9C01A8427B69F1450A624566 /* UsageManager.swift */ = {isa = PBXFileReference; lastKnownFileType = sourcecode.swift; path = UsageManager.swift; sourceTree = "<group>"; };
		9E01D3701A2C82768E4A7BDD /* ClaudeUsageWidget.app */ = {isa = PBXFileReference; explicitFileType = wrapper.application; includeInIndex = 0; path = ClaudeUsageWidget.app; sourceTree = BUILT_PRODUCTS_DIR; };
		A1E8C679942B065488A6D30B /* APIServiceTests.swift */ = {isa = PBXFileReference; lastKnownFileType = sourcecode.swift; path = APIServiceTests.swift; sourceTree = "<group>"; };
		A5F0B21FA1E73B52BCD7AE3B /* ResetTimerView.swift */ = {isa = PBXFileReference; lastKnownFileType = sourcecode.swift; path = ResetTimerView.swift; sourceTree = "<group>"; };
		A689E324C8FB1D63AF114D18 /* ClaudeUsageWidgetTests.xctest */ = {isa = PBXFileReference; explicitFileType = wrapper.cfbundle; includeInIndex = 0; path = ClaudeUsageWidgetTests.xctest; sourceTree = BUILT_PRODUCTS_DIR; };
		A886BBB5B3CC85D6BB4645CF /* UsageManagerTests.swift */ = {isa = PBXFileReference; lastKnownFileType = sourcecode.swift; path = UsageManagerTests.swift; sourceTree = "<group>"; };
		B36F7104D027BDD059D586CE /* Mocks.swift */ = {isa = PBXFileReference; lastKnownFileType = sourcecode.swift; path = Mocks.swift; sourceTree = "<group>"; };
		B71813093F86943308852F96 /* ClaudeUsageWidgetExtension.appex */ = {isa = PBXFileReference; explicitFileType = "wrapper.app-extension"; includeInIndex = 0; path = ClaudeUsageWidgetExtension.appex; sourceTree = BUILT_PRODUCTS_DIR; };
		C41E3CD0CFE2517D9AF42449 /* Assets.xcassets */ = {isa = PBXFileReference; lastKnownFileType = folder.assetcatalog; path = Assets.xcassets; sourceTree = "<group>"; };
		D1991566E5B49B2729762AFF /* UsageBarView.swift */ = {isa = PBXFileReference; lastKnownFileType = sourcecode.swift; path = UsageBarView.swift; sourceTree = "<group>"; };
		D3DCB71A17E06BF23F28D7AB /* SharedContainerServiceTests.swift */ = {isa = PBXFileReference; lastKnownFileType = sourcecode.swift; path = SharedContainerServiceTests.swift; sourceTree = "<group>"; };
		D805DBCCBAC05A829DD71372 /* ServiceProtocols.swift */ = {isa = PBXFileReference; lastKnownFileType = sourcecode.swift; path = ServiceProtocols.swift; sourceTree = "<group>"; };
		DF33EA624DE227AF13301E9A /* TokenStatsView.swift */ = {isa = PBXFileReference; lastKnownFileType = sourcecode.swift; path = TokenStatsView.swift; sourceTree = "<group>"; };
		E239C231DD3A14A125EEC343 /* UsageSnapshot.swift */ = {isa = PBXFileReference; lastKnownFileType = sourcecode.swift; path = UsageSnapshot.swift; sourceTree = "<group>"; };
		E7461ED52B3E3AAD8992BF27 /* Info.plist */ = {isa = PBXFileReference; lastKnownFileType = text.plist; path = Info.plist; sourceTree = "<group>"; };
		E8C0D48CD788BE7D24F29D44 /* StatsService.swift */ = {isa = PBXFileReference; lastKnownFileType = sourcecode.swift; path = StatsService.swift; sourceTree = "<group>"; };
		EB767F230ACE496D02D795E5 /* APIService.swift */ = {isa = PBXFileReference; lastKnownFileType = sourcecode.swift; path = APIService.swift; sourceTree = "<group>"; };
/* End PBXFileReference section */

/* Begin PBXGroup section */
		1F6324A13965BFFE23E9C132 = {
			isa = PBXGroup;
			children = (
				C41E3CD0CFE2517D9AF42449 /* Assets.xcassets */,
				F25912942BEC7B50A350D4D1 /* App */,
				C90F0966D88AE92C9B94658C /* Shared */,
				71D6E5913C7DA8C69F6BCA07 /* Tests */,
				A04B6D10B0BDDC8705700899 /* Widget */,
				FA0BB028800489CAF53C9983 /* Products */,
			);
			sourceTree = "<group>";
		};
		3E97B5CA4F1DE77865498831 /* Services */ = {
			isa = PBXGroup;
			children = (
				EB767F230ACE496D02D795E5 /* APIService.swift */,
				8BEAFF9D1BF1D16D051E2CD8 /* KeychainService.swift */,
				D805DBCCBAC05A829DD71372 /* ServiceProtocols.swift */,
				11D7791C1839BE5B42B9E9BD /* SharedContainerService.swift */,
				E8C0D48CD788BE7D24F29D44 /* StatsService.swift */,
			);
			path = Services;
			sourceTree = "<group>";
		};
		71D6E5913C7DA8C69F6BCA07 /* Tests */ = {
			isa = PBXGroup;
			children = (
				32DA4A5DA2D7F5F5F1EB55C7 /* APIModelsTests.swift */,
				A1E8C679942B065488A6D30B /* APIServiceTests.swift */,
				39691948860FB314644562B2 /* KeychainServiceTests.swift */,
				B36F7104D027BDD059D586CE /* Mocks.swift */,
				8E60918A3CF2609E4192EC96 /* PlaceholderTest.swift */,
				D3DCB71A17E06BF23F28D7AB /* SharedContainerServiceTests.swift */,
				895805F81F51FE14695C35C7 /* StatsServiceTests.swift */,
				A886BBB5B3CC85D6BB4645CF /* UsageManagerTests.swift */,
				46952864015DEF0688EFD641 /* UsageSnapshotTests.swift */,
				BD4693C529D7F6E7203B435B /* Fixtures */,
			);
			path = Tests;
			sourceTree = "<group>";
		};
		993231937D4F64CEBD93DC4D /* Theme */ = {
			isa = PBXGroup;
			children = (
				819C2C0936EEE40BAB0A6A72 /* AnthropicColors.swift */,
			);
			path = Theme;
			sourceTree = "<group>";
		};
		A04B6D10B0BDDC8705700899 /* Widget */ = {
			isa = PBXGroup;
			children = (
				263B79D4150B25A657B1848E /* ClaudeUsageWidgetBundle.swift */,
				E7461ED52B3E3AAD8992BF27 /* Info.plist */,
				5A2FF6035875BE21D69DD7FD /* Widget.entitlements */,
			);
			path = Widget;
			sourceTree = "<group>";
		};
		BD4693C529D7F6E7203B435B /* Fixtures */ = {
			isa = PBXGroup;
			children = (
				108647D905683B425F33DC3B /* stats-cache.json */,
			);
			path = Fixtures;
			sourceTree = "<group>";
		};
		C90F0966D88AE92C9B94658C /* Shared */ = {
			isa = PBXGroup;
			children = (
				D23162CBC55FA718AB851C77 /* Models */,
				3E97B5CA4F1DE77865498831 /* Services */,
				993231937D4F64CEBD93DC4D /* Theme */,
			);
			path = Shared;
			sourceTree = "<group>";
		};
		D23162CBC55FA718AB851C77 /* Models */ = {
			isa = PBXGroup;
			children = (
				916CE4B0DBC547FEA56FEC7F /* APIModels.swift */,
				E239C231DD3A14A125EEC343 /* UsageSnapshot.swift */,
			);
			path = Models;
			sourceTree = "<group>";
		};
		EB1B9DF7017AE054376762A2 /* Views */ = {
			isa = PBXGroup;
			children = (
				2909CCB00340701142EF9B8B /* PopoverView.swift */,
				A5F0B21FA1E73B52BCD7AE3B /* ResetTimerView.swift */,
				8AFABD321FC73997C1E96703 /* SettingsView.swift */,
				DF33EA624DE227AF13301E9A /* TokenStatsView.swift */,
				D1991566E5B49B2729762AFF /* UsageBarView.swift */,
			);
			path = Views;
			sourceTree = "<group>";
		};
		F25912942BEC7B50A350D4D1 /* App */ = {
			isa = PBXGroup;
			children = (
				95E8267EA642B1F0C7330D95 /* App.entitlements */,
				0C0DC54E79339225480FF687 /* ClaudeUsageWidgetApp.swift */,
				58B722BBD73039680155A5B4 /* Info.plist */,
				9C01A8427B69F1450A624566 /* UsageManager.swift */,
				EB1B9DF7017AE054376762A2 /* Views */,
			);
			path = App;
			sourceTree = "<group>";
		};
		FA0BB028800489CAF53C9983 /* Products */ = {
			isa = PBXGroup;
			children = (
				9E01D3701A2C82768E4A7BDD /* ClaudeUsageWidget.app */,
				B71813093F86943308852F96 /* ClaudeUsageWidgetExtension.appex */,
				A689E324C8FB1D63AF114D18 /* ClaudeUsageWidgetTests.xctest */,
			);
			name = Products;
			sourceTree = "<group>";
		};
/* End PBXGroup section */

/* Begin PBXNativeTarget section */
		5EFC43076EF4702168F3AF84 /* ClaudeUsageWidget */ = {
			isa = PBXNativeTarget;
			buildConfigurationList = DB485544E6BF0B3BAA13C463 /* Build configuration list for PBXNativeTarget "ClaudeUsageWidget" */;
			buildPhases = (
				7E31BB25CCA0A22EC295B63E /* Sources */,
				286F9245E3073AC785586754 /* Resources */,
				FD232F5BA9028C75D007E8AC /* Embed Foundation Extensions */,
			);
			buildRules = (
			);
			dependencies = (
				DCF2DB76E2A6FC5B01696F25 /* PBXTargetDependency */,
			);
			name = ClaudeUsageWidget;
			packageProductDependencies = (
			);
			productName = ClaudeUsageWidget;
			productReference = 9E01D3701A2C82768E4A7BDD /* ClaudeUsageWidget.app */;
			productType = "com.apple.product-type.application";
		};
		8800B081469EBCD359EAF9E8 /* ClaudeUsageWidgetExtension */ = {
			isa = PBXNativeTarget;
			buildConfigurationList = 9124D165AE7035E5C088269A /* Build configuration list for PBXNativeTarget "ClaudeUsageWidgetExtension" */;
			buildPhases = (
				C864319068F42469D274D02D /* Sources */,
			);
			buildRules = (
			);
			dependencies = (
			);
			name = ClaudeUsageWidgetExtension;
			packageProductDependencies = (
			);
			productName = ClaudeUsageWidgetExtension;
			productReference = B71813093F86943308852F96 /* ClaudeUsageWidgetExtension.appex */;
			productType = "com.apple.product-type.app-extension";
		};
		A18637C8A420F00281D837F7 /* ClaudeUsageWidgetTests */ = {
			isa = PBXNativeTarget;
			buildConfigurationList = DBF9AD3FC2044FCBC4D7CFA6 /* Build configuration list for PBXNativeTarget "ClaudeUsageWidgetTests" */;
			buildPhases = (
				9F87ED47FBEF850407CB560E /* Sources */,
				D12C4259D732BEB22BFD24F3 /* Resources */,
			);
			buildRules = (
			);
			dependencies = (
				EA461EEF31E1EA69EBD21258 /* PBXTargetDependency */,
			);
			name = ClaudeUsageWidgetTests;
			packageProductDependencies = (
			);
			productName = ClaudeUsageWidgetTests;
			productReference = A689E324C8FB1D63AF114D18 /* ClaudeUsageWidgetTests.xctest */;
			productType = "com.apple.product-type.bundle.unit-test";
		};
/* End PBXNativeTarget section */

/* Begin PBXProject section */
		79E0D1F8E1CDBC4EE8A1F043 /* Project object */ = {
			isa = PBXProject;
			attributes = {
				BuildIndependentTargetsInParallel = YES;
				LastUpgradeCheck = 2630;
				TargetAttributes = {
					5EFC43076EF4702168F3AF84 = {
						ProvisioningStyle = Manual;
					};
					8800B081469EBCD359EAF9E8 = {
						ProvisioningStyle = Manual;
					};
					A18637C8A420F00281D837F7 = {
						ProvisioningStyle = Manual;
					};
				};
			};
			buildConfigurationList = EFE73463400079117C337BBB /* Build configuration list for PBXProject "ClaudeUsageWidget" */;
			developmentRegion = en;
			hasScannedForEncodings = 0;
			knownRegions = (
				Base,
				en,
			);
			mainGroup = 1F6324A13965BFFE23E9C132;
			minimizedProjectReferenceProxies = 1;
			preferredProjectObjectVersion = 77;
			productRefGroup = FA0BB028800489CAF53C9983 /* Products */;
			projectDirPath = "";
			projectRoot = "";
			targets = (
				5EFC43076EF4702168F3AF84 /* ClaudeUsageWidget */,
				8800B081469EBCD359EAF9E8 /* ClaudeUsageWidgetExtension */,
				A18637C8A420F00281D837F7 /* ClaudeUsageWidgetTests */,
			);
		};
/* End PBXProject section */

/* Begin PBXResourcesBuildPhase section */
		286F9245E3073AC785586754 /* Resources */ = {
			isa = PBXResourcesBuildPhase;
			buildActionMask = 2147483647;
			files = (
				C855B6A66319B86C87894CC2 /* Assets.xcassets in Resources */,
			);
			runOnlyForDeploymentPostprocessing = 0;
		};
		D12C4259D732BEB22BFD24F3 /* Resources */ = {
			isa = PBXResourcesBuildPhase;
			buildActionMask = 2147483647;
			files = (
				14551B3536C5A1E7063D80C4 /* stats-cache.json in Resources */,
			);
			runOnlyForDeploymentPostprocessing = 0;
		};
/* End PBXResourcesBuildPhase section */

/* Begin PBXSourcesBuildPhase section */
		7E31BB25CCA0A22EC295B63E /* Sources */ = {
			isa = PBXSourcesBuildPhase;
			buildActionMask = 2147483647;
			files = (
				8066DAEE2128C19EA6415FD8 /* APIModels.swift in Sources */,
				A8CFA711242AD60A1D1B5366 /* APIService.swift in Sources */,
				828F0380F652910F7566FA64 /* AnthropicColors.swift in Sources */,
				7FDE9E2294F81903B849BE5B /* ClaudeUsageWidgetApp.swift in Sources */,
				9F0774D6EF5554D446688FD5 /* KeychainService.swift in Sources */,
				BCA6AB50558D69435D744871 /* PopoverView.swift in Sources */,
				991365EB8D9B099E75247731 /* ResetTimerView.swift in Sources */,
				80E8B06ADD163A079B97BB90 /* ServiceProtocols.swift in Sources */,
				45E6EEA4655BCCF690BD7CDE /* SettingsView.swift in Sources */,
				E1F61FF8D79ACCD51E308926 /* SharedContainerService.swift in Sources */,
				DC742440D77C479F89069960 /* StatsService.swift in Sources */,
				CFB75FEBC188DD95BD057C15 /* TokenStatsView.swift in Sources */,
				3B0E4C5AE538DC2507D948BD /* UsageBarView.swift in Sources */,
				889086AE70EF0A59616176D5 /* UsageManager.swift in Sources */,
				E795D629B7FDE1B6BAC61AF3 /* UsageSnapshot.swift in Sources */,
			);
			runOnlyForDeploymentPostprocessing = 0;
		};
		9F87ED47FBEF850407CB560E /* Sources */ = {
			isa = PBXSourcesBuildPhase;
			buildActionMask = 2147483647;
			files = (
				5D0F8974DE3B9D83417A133A /* APIModelsTests.swift in Sources */,
				0C3F566A9F45026665D20418 /* APIServiceTests.swift in Sources */,
				C361E4589119A8A7592463F3 /* KeychainServiceTests.swift in Sources */,
				D33E2FFE75776747532316E5 /* Mocks.swift in Sources */,
				2038F2A6CA24831644BF434C /* PlaceholderTest.swift in Sources */,
				DA96F5237C3E1AF62F71348B /* SharedContainerServiceTests.swift in Sources */,
				7C7AB18DBEB5F7759DD68DBF /* StatsServiceTests.swift in Sources */,
				A155DE7CA56979A05382E762 /* UsageManagerTests.swift in Sources */,
				40F7158B748B08521C9445EC /* UsageSnapshotTests.swift in Sources */,
			);
			runOnlyForDeploymentPostprocessing = 0;
		};
		C864319068F42469D274D02D /* Sources */ = {
			isa = PBXSourcesBuildPhase;
			buildActionMask = 2147483647;
			files = (
				5D92DEFB6AB8F7A8C26AA86A /* APIModels.swift in Sources */,
				F0A8CCAA173B753F3BD5A641 /* APIService.swift in Sources */,
				41C78217B88D0B91538CB7A7 /* AnthropicColors.swift in Sources */,
				CE1EEC1DB4CE4676F6AA61C4 /* ClaudeUsageWidgetBundle.swift in Sources */,
				0654965772D8E01ED04C5BF9 /* KeychainService.swift in Sources */,
				3ED7B6DE237CCEC7F15CB38C /* ServiceProtocols.swift in Sources */,
				D135B9C3E583F495E5E5A6FB /* SharedContainerService.swift in Sources */,
				8D004F47087E89B28EAF1C4C /* StatsService.swift in Sources */,
				93A918147C89BAB592F93597 /* UsageSnapshot.swift in Sources */,
			);
			runOnlyForDeploymentPostprocessing = 0;
		};
/* End PBXSourcesBuildPhase section */

/* Begin PBXTargetDependency section */
		DCF2DB76E2A6FC5B01696F25 /* PBXTargetDependency */ = {
			isa = PBXTargetDependency;
			target = 8800B081469EBCD359EAF9E8 /* ClaudeUsageWidgetExtension */;
			targetProxy = 9644176A865CABC0F4492F29 /* PBXContainerItemProxy */;
		};
		EA461EEF31E1EA69EBD21258 /* PBXTargetDependency */ = {
			isa = PBXTargetDependency;
			target = 5EFC43076EF4702168F3AF84 /* ClaudeUsageWidget */;
			targetProxy = 4B915CB870869D1BFE0B9CAA /* PBXContainerItemProxy */;
		};
/* End PBXTargetDependency section */

/* Begin XCBuildConfiguration section */
		5BB19464183B6C9D3A1E3ECB /* Debug */ = {
			isa = XCBuildConfiguration;
			buildSettings = {
				COMBINE_HIDPI_IMAGES = YES;
				INFOPLIST_FILE = Widget/Info.plist;
				LD_RUNPATH_SEARCH_PATHS = "$(inherited) @executable_path/../Frameworks @executable_path/../../../../Frameworks";
				PRODUCT_BUNDLE_IDENTIFIER = "com.andywendt.claude-usage-widget.widget";
				PRODUCT_NAME = ClaudeUsageWidgetExtension;
				SDKROOT = macosx;
			};
			name = Debug;
		};
		5F51FD1DB1098624EF6D3FE9 /* Release */ = {
			isa = XCBuildConfiguration;
			buildSettings = {
				ALWAYS_SEARCH_USER_PATHS = NO;
				CLANG_ANALYZER_NONNULL = YES;
				CLANG_ANALYZER_NUMBER_OBJECT_CONVERSION = YES_AGGRESSIVE;
				CLANG_CXX_LANGUAGE_STANDARD = "gnu++14";
				CLANG_CXX_LIBRARY = "libc++";
				CLANG_ENABLE_MODULES = YES;
				CLANG_ENABLE_OBJC_ARC = YES;
				CLANG_ENABLE_OBJC_WEAK = YES;
				CLANG_WARN_BLOCK_CAPTURE_AUTORELEASING = YES;
				CLANG_WARN_BOOL_CONVERSION = YES;
				CLANG_WARN_COMMA = YES;
				CLANG_WARN_CONSTANT_CONVERSION = YES;
				CLANG_WARN_DEPRECATED_OBJC_IMPLEMENTATIONS = YES;
				CLANG_WARN_DIRECT_OBJC_ISA_USAGE = YES_ERROR;
				CLANG_WARN_DOCUMENTATION_COMMENTS = YES;
				CLANG_WARN_EMPTY_BODY = YES;
				CLANG_WARN_ENUM_CONVERSION = YES;
				CLANG_WARN_INFINITE_RECURSION = YES;
				CLANG_WARN_INT_CONVERSION = YES;
				CLANG_WARN_NON_LITERAL_NULL_CONVERSION = YES;
				CLANG_WARN_OBJC_IMPLICIT_RETAIN_SELF = YES;
				CLANG_WARN_OBJC_LITERAL_CONVERSION = YES;
				CLANG_WARN_OBJC_ROOT_CLASS = YES_ERROR;
				CLANG_WARN_QUOTED_INCLUDE_IN_FRAMEWORK_HEADER = YES;
				CLANG_WARN_RANGE_LOOP_ANALYSIS = YES;
				CLANG_WARN_STRICT_PROTOTYPES = YES;
				CLANG_WARN_SUSPICIOUS_MOVE = YES;
				CLANG_WARN_UNGUARDED_AVAILABILITY = YES_AGGRESSIVE;
				CLANG_WARN_UNREACHABLE_CODE = YES;
				CLANG_WARN__DUPLICATE_METHOD_MATCH = YES;
				CODE_SIGN_IDENTITY = "-";
				CODE_SIGN_STYLE = Manual;
				COPY_PHASE_STRIP = NO;
				DEBUG_INFORMATION_FORMAT = "dwarf-with-dsym";
				ENABLE_NS_ASSERTIONS = NO;
				ENABLE_STRICT_OBJC_MSGSEND = YES;
				GCC_C_LANGUAGE_STANDARD = gnu11;
				GCC_NO_COMMON_BLOCKS = YES;
				GCC_WARN_64_TO_32_BIT_CONVERSION = YES;
				GCC_WARN_ABOUT_RETURN_TYPE = YES_ERROR;
				GCC_WARN_UNDECLARED_SELECTOR = YES;
				GCC_WARN_UNINITIALIZED_AUTOS = YES_AGGRESSIVE;
				GCC_WARN_UNUSED_FUNCTION = YES;
				GCC_WARN_UNUSED_VARIABLE = YES;
				MACOSX_DEPLOYMENT_TARGET = 14.0;
				MTL_ENABLE_DEBUG_INFO = NO;
				MTL_FAST_MATH = YES;
				PRODUCT_NAME = "$(TARGET_NAME)";
				PROVISIONING_PROFILE_SPECIFIER = "";
				SDKROOT = macosx;
				SWIFT_COMPILATION_MODE = wholemodule;
				SWIFT_OPTIMIZATION_LEVEL = "-O";
				SWIFT_STRICT_CONCURRENCY = targeted;
				SWIFT_VERSION = 5;
			};
			name = Release;
		};
		620D19A074D60D82BA570AD5 /* Debug */ = {
			isa = XCBuildConfiguration;
			buildSettings = {
				BUNDLE_LOADER = "$(TEST_HOST)";
				COMBINE_HIDPI_IMAGES = YES;
				GENERATE_INFOPLIST_FILE = YES;
				LD_RUNPATH_SEARCH_PATHS = (
					"$(inherited)",
					"@executable_path/../Frameworks",
					"@loader_path/../Frameworks",
				);
				PRODUCT_BUNDLE_IDENTIFIER = "com.andywendt.claude-usage-widget.tests";
				SDKROOT = macosx;
				TEST_HOST = "$(BUILT_PRODUCTS_DIR)/Claude Usage Widget.app/Contents/MacOS/Claude Usage Widget";
			};
			name = Debug;
		};
		668D315158E7F830A86D3440 /* Release */ = {
			isa = XCBuildConfiguration;
			buildSettings = {
				BUNDLE_LOADER = "$(TEST_HOST)";
				COMBINE_HIDPI_IMAGES = YES;
				GENERATE_INFOPLIST_FILE = YES;
				LD_RUNPATH_SEARCH_PATHS = (
					"$(inherited)",
					"@executable_path/../Frameworks",
					"@loader_path/../Frameworks",
				);
				PRODUCT_BUNDLE_IDENTIFIER = "com.andywendt.claude-usage-widget.tests";
				SDKROOT = macosx;
				TEST_HOST = "$(BUILT_PRODUCTS_DIR)/Claude Usage Widget.app/Contents/MacOS/Claude Usage Widget";
			};
			name = Release;
		};
		67F62AA1CAEE6158B2FD8EC0 /* Debug */ = {
			isa = XCBuildConfiguration;
			buildSettings = {
				ASSETCATALOG_COMPILER_APPICON_NAME = AppIcon;
				COMBINE_HIDPI_IMAGES = YES;
				INFOPLIST_FILE = App/Info.plist;
				LD_RUNPATH_SEARCH_PATHS = (
					"$(inherited)",
					"@executable_path/../Frameworks",
				);
				PRODUCT_BUNDLE_IDENTIFIER = "com.andywendt.claude-usage-widget";
				PRODUCT_MODULE_NAME = ClaudeUsageWidget;
				PRODUCT_NAME = "Claude Usage Widget";
				SDKROOT = macosx;
			};
			name = Debug;
		};
		9BBBD48D90B957173D67E15A /* Release */ = {
			isa = XCBuildConfiguration;
			buildSettings = {
				COMBINE_HIDPI_IMAGES = YES;
				INFOPLIST_FILE = Widget/Info.plist;
				LD_RUNPATH_SEARCH_PATHS = "$(inherited) @executable_path/../Frameworks @executable_path/../../../../Frameworks";
				PRODUCT_BUNDLE_IDENTIFIER = "com.andywendt.claude-usage-widget.widget";
				PRODUCT_NAME = ClaudeUsageWidgetExtension;
				SDKROOT = macosx;
			};
			name = Release;
		};
		A5B297C84DB2BA85EC261B36 /* Release */ = {
			isa = XCBuildConfiguration;
			buildSettings = {
				ASSETCATALOG_COMPILER_APPICON_NAME = AppIcon;
				COMBINE_HIDPI_IMAGES = YES;
				INFOPLIST_FILE = App/Info.plist;
				LD_RUNPATH_SEARCH_PATHS = (
					"$(inherited)",
					"@executable_path/../Frameworks",
				);
				PRODUCT_BUNDLE_IDENTIFIER = "com.andywendt.claude-usage-widget";
				PRODUCT_MODULE_NAME = ClaudeUsageWidget;
				PRODUCT_NAME = "Claude Usage Widget";
				SDKROOT = macosx;
			};
			name = Release;
		};
		D90F056B33864ED9AD13421E /* Debug */ = {
			isa = XCBuildConfiguration;
			buildSettings = {
				ALWAYS_SEARCH_USER_PATHS = NO;
				CLANG_ANALYZER_NONNULL = YES;
				CLANG_ANALYZER_NUMBER_OBJECT_CONVERSION = YES_AGGRESSIVE;
				CLANG_CXX_LANGUAGE_STANDARD = "gnu++14";
				CLANG_CXX_LIBRARY = "libc++";
				CLANG_ENABLE_MODULES = YES;
				CLANG_ENABLE_OBJC_ARC = YES;
				CLANG_ENABLE_OBJC_WEAK = YES;
				CLANG_WARN_BLOCK_CAPTURE_AUTORELEASING = YES;
				CLANG_WARN_BOOL_CONVERSION = YES;
				CLANG_WARN_COMMA = YES;
				CLANG_WARN_CONSTANT_CONVERSION = YES;
				CLANG_WARN_DEPRECATED_OBJC_IMPLEMENTATIONS = YES;
				CLANG_WARN_DIRECT_OBJC_ISA_USAGE = YES_ERROR;
				CLANG_WARN_DOCUMENTATION_COMMENTS = YES;
				CLANG_WARN_EMPTY_BODY = YES;
				CLANG_WARN_ENUM_CONVERSION = YES;
				CLANG_WARN_INFINITE_RECURSION = YES;
				CLANG_WARN_INT_CONVERSION = YES;
				CLANG_WARN_NON_LITERAL_NULL_CONVERSION = YES;
				CLANG_WARN_OBJC_IMPLICIT_RETAIN_SELF = YES;
				CLANG_WARN_OBJC_LITERAL_CONVERSION = YES;
				CLANG_WARN_OBJC_ROOT_CLASS = YES_ERROR;
				CLANG_WARN_QUOTED_INCLUDE_IN_FRAMEWORK_HEADER = YES;
				CLANG_WARN_RANGE_LOOP_ANALYSIS = YES;
				CLANG_WARN_STRICT_PROTOTYPES = YES;
				CLANG_WARN_SUSPICIOUS_MOVE = YES;
				CLANG_WARN_UNGUARDED_AVAILABILITY = YES_AGGRESSIVE;
				CLANG_WARN_UNREACHABLE_CODE = YES;
				CLANG_WARN__DUPLICATE_METHOD_MATCH = YES;
				CODE_SIGN_IDENTITY = "-";
				CODE_SIGN_STYLE = Manual;
				COPY_PHASE_STRIP = NO;
				DEBUG_INFORMATION_FORMAT = dwarf;
				ENABLE_STRICT_OBJC_MSGSEND = YES;
				ENABLE_TESTABILITY = YES;
				GCC_C_LANGUAGE_STANDARD = gnu11;
				GCC_DYNAMIC_NO_PIC = NO;
				GCC_NO_COMMON_BLOCKS = YES;
				GCC_OPTIMIZATION_LEVEL = 0;
				GCC_PREPROCESSOR_DEFINITIONS = (
					"$(inherited)",
					"DEBUG=1",
				);
				GCC_WARN_64_TO_32_BIT_CONVERSION = YES;
				GCC_WARN_ABOUT_RETURN_TYPE = YES_ERROR;
				GCC_WARN_UNDECLARED_SELECTOR = YES;
				GCC_WARN_UNINITIALIZED_AUTOS = YES_AGGRESSIVE;
				GCC_WARN_UNUSED_FUNCTION = YES;
				GCC_WARN_UNUSED_VARIABLE = YES;
				MACOSX_DEPLOYMENT_TARGET = 14.0;
				MTL_ENABLE_DEBUG_INFO = INCLUDE_SOURCE;
				MTL_FAST_MATH = YES;
				ONLY_ACTIVE_ARCH = YES;
				PRODUCT_NAME = "$(TARGET_NAME)";
				PROVISIONING_PROFILE_SPECIFIER = "";
				SDKROOT = macosx;
				SWIFT_ACTIVE_COMPILATION_CONDITIONS = DEBUG;
				SWIFT_OPTIMIZATION_LEVEL = "-Onone";
				SWIFT_STRICT_CONCURRENCY = targeted;
				SWIFT_VERSION = 5;
			};
			name = Debug;
		};
/* End XCBuildConfiguration section */

/* Begin XCConfigurationList section */
		9124D165AE7035E5C088269A /* Build configuration list for PBXNativeTarget "ClaudeUsageWidgetExtension" */ = {
			isa = XCConfigurationList;
			buildConfigurations = (
				5BB19464183B6C9D3A1E3ECB /* Debug */,
				9BBBD48D90B957173D67E15A /* Release */,
			);
			defaultConfigurationIsVisible = 0;
			defaultConfigurationName = Debug;
		};
		DB485544E6BF0B3BAA13C463 /* Build configuration list for PBXNativeTarget "ClaudeUsageWidget" */ = {
			isa = XCConfigurationList;
			buildConfigurations = (
				67F62AA1CAEE6158B2FD8EC0 /* Debug */,
				A5B297C84DB2BA85EC261B36 /* Release */,
			);
			defaultConfigurationIsVisible = 0;
			defaultConfigurationName = Debug;
		};
		DBF9AD3FC2044FCBC4D7CFA6 /* Build configuration list for PBXNativeTarget "ClaudeUsageWidgetTests" */ = {
			isa = XCConfigurationList;
			buildConfigurations = (
				620D19A074D60D82BA570AD5 /* Debug */,
				668D315158E7F830A86D3440 /* Release */,
			);
			defaultConfigurationIsVisible = 0;
			defaultConfigurationName = Debug;
		};
		EFE73463400079117C337BBB /* Build configuration list for PBXProject "ClaudeUsageWidget" */ = {
			isa = XCConfigurationList;
			buildConfigurations = (
				D90F056B33864ED9AD13421E /* Debug */,
				5F51FD1DB1098624EF6D3FE9 /* Release */,
			);
			defaultConfigurationIsVisible = 0;
			defaultConfigurationName = Debug;
		};
/* End XCConfigurationList section */
	};
	rootObject = 79E0D1F8E1CDBC4EE8A1F043 /* Project object */;
}
